{
  "name": "@masoni/showcase-components",
  "version": "1.0.0",
  "lockfileVersion": 2,
  "requires": true,
  "packages": {
    "": {
      "name": "@masoni/showcase-components",
      "version": "1.0.0",
      "license": "ISC",
      "devDependencies": {
        "@masoni/components": "file:../../components",
        "@masoni/css-checkbox": "file:../../css/src/components/checkbox",
        "@masoni/css-design-tokens": "file:../../css/src/design_tokens"
      }
    },
    "../../components": {
      "name": "@masoni/components",
      "version": "0.0.1",
      "dev": true,
      "dependencies": {
        "tslib": "^2.3.0"
      },
      "peerDependencies": {
        "@angular/common": "^15.2.0",
        "@angular/core": "^15.2.0"
      }
    },
    "../../css": {
      "name": "@masoni/css",
      "version": "1.0.1",
      "dev": true,
      "license": "ISC",
      "devDependencies": {
        "@masoni/css-design-tokens": "file:src/design_tokens",
        "@masoni/css-tailwind-preset": "file:presets/tailwind",
        "autoprefixer": "^10.4.14",
        "postcss": "^8.4.23",
        "postcss-cli": "^10.1.0",
        "postcss-combine-duplicated-selectors": "^10.0.3",
        "postcss-discard-comments": "^6.0.0",
        "postcss-import": "^15.1.0",
        "postcss-prettify": "^0.3.4",
        "tailwindcss": "^3.3.2"
      }
    },
    "../../css/presets/tailwind": {
      "name": "@masoni/css-tailwind-preset",
      "version": "0.0.1",
      "extraneous": true,
      "license": "ISC",
      "devDependencies": {
        "@masoni/css": "file:../..",
        "@masoni/css-design-tokens": "file:../../src/design_tokens"
      },
      "peerDependencies": {
        "tailwindcss": "^3.3.2"
      }
    },
    "../../css/src/components/checkbox": {
      "name": "@masoni/css-checkbox",
      "version": "0.0.1",
      "dev": true,
      "license": "ISC",
      "devDependencies": {
        "postcss": "^8.4.23",
        "postcss-cli": "^10.1.0",
        "postcss-import": "^15.1.0",
        "postcss-loader": "^7.3.0"
      }
    },
    "../../css/src/design_tokens": {
      "name": "@masoni/css-design-tokens",
      "version": "0.0.1",
      "dev": true,
      "license": "ISC",
      "devDependencies": {
        "postcss": "^8.4.23",
        "postcss-cli": "^10.1.0",
        "postcss-import": "^15.1.0",
        "postcss-loader": "^7.3.0"
      }
    },
    "node_modules/@masoni/components": {
      "resolved": "../../components",
      "link": true
    },
    "node_modules/@masoni/css-checkbox": {
      "resolved": "../../css/src/components/checkbox",
      "link": true
    },
    "node_modules/@masoni/css-design-tokens": {
      "resolved": "../../css/src/design_tokens",
      "link": true
    }
  },
  "dependencies": {
    "@masoni/components": {
      "version": "file:../../components",
      "requires": {
        "tslib": "^2.3.0"
      }
    },
    "@masoni/css-checkbox": {
      "version": "file:../../css/src/components/checkbox",
      "requires": {
        "postcss": "^8.4.23",
        "postcss-cli": "^10.1.0",
        "postcss-import": "^15.1.0",
        "postcss-loader": "^7.3.0"
      }
    },
    "@masoni/css-design-tokens": {
      "version": "file:../../css/src/design_tokens",
      "requires": {
        "postcss": "^8.4.23",
        "postcss-cli": "^10.1.0",
        "postcss-import": "^15.1.0",
        "postcss-loader": "^7.3.0"
      }
    }
  }
}
