{
  "name": "@masoni/showcases-css",
  "version": "1.0.0",
  "lockfileVersion": 2,
  "requires": true,
  "packages": {
    "": {
      "name": "@masoni/showcases-css",
      "version": "1.0.0",
      "license": "ISC",
      "devDependencies": {
        "@masoni/css": "file:../../css",
<<<<<<< HEAD
        "@masoni/css-tailwind-preset": "file:../../css/presets/tailwind"
=======
        "@masoni/css-tailwind-preset": "file:../../css/presets/tailwind",
        "@masoni/css-toggle-button": "file:../../css/src/components/togglebutton"
>>>>>>> e816b52 (toggle init)
      }
    },
    "../../css": {
      "name": "@masoni/css",
      "version": "1.0.1",
      "dev": true,
      "license": "ISC",
      "devDependencies": {
        "@masoni/css-design-tokens": "file:src/design_tokens",
        "@masoni/css-tailwind-preset": "file:presets/tailwind",
        "autoprefixer": "^10.4.14",
        "postcss": "^8.4.23",
        "postcss-cli": "^10.1.0",
<<<<<<< HEAD
        "postcss-import": "^15.1.0",
=======
        "postcss-combine-duplicated-selectors": "^10.0.3",
        "postcss-discard-comments": "^6.0.0",
        "postcss-encode-background-svgs": "^1.0.4",
        "postcss-import": "^15.1.0",
        "postcss-prettify": "^0.3.4",
>>>>>>> e816b52 (toggle init)
        "tailwindcss": "^3.3.2"
      }
    },
    "../../css/presets/tailwind": {
      "name": "@masoni/css-tailwind-preset",
      "version": "0.0.1",
      "dev": true,
      "license": "ISC",
      "devDependencies": {
        "@masoni/css": "file:../..",
        "@masoni/css-design-tokens": "file:../../src/design_tokens"
      },
      "peerDependencies": {
        "tailwindcss": "^3.3.2"
      }
    },
    "../../css/presets/tailwinds": {
      "extraneous": true
    },
<<<<<<< HEAD
=======
    "../../css/src/components/togglebutton": {
      "version": "0.0.1",
      "dev": true,
      "license": "ISC",
      "devDependencies": {
        "@masoni/css-design-tokens": "file:../../design_tokens",
        "@masoni/css-postcss-config": "file:../../../config/postcss",
        "postcss-cli": "^10.1.0"
      }
    },
>>>>>>> e816b52 (toggle init)
    "node_modules/@masoni/css": {
      "resolved": "../../css",
      "link": true
    },
    "node_modules/@masoni/css-tailwind-preset": {
      "resolved": "../../css/presets/tailwind",
      "link": true
<<<<<<< HEAD
=======
    },
    "node_modules/@masoni/css-toggle-button": {
      "resolved": "../../css/src/components/togglebutton",
      "link": true
>>>>>>> e816b52 (toggle init)
    }
  },
  "dependencies": {
    "@masoni/css": {
      "version": "file:../../css",
      "requires": {
        "@masoni/css-design-tokens": "file:src/design_tokens",
        "@masoni/css-tailwind-preset": "file:presets/tailwind",
        "autoprefixer": "^10.4.14",
        "postcss": "^8.4.23",
        "postcss-cli": "^10.1.0",
<<<<<<< HEAD
        "postcss-import": "^15.1.0",
=======
        "postcss-combine-duplicated-selectors": "^10.0.3",
        "postcss-discard-comments": "^6.0.0",
        "postcss-encode-background-svgs": "^1.0.4",
        "postcss-import": "^15.1.0",
        "postcss-prettify": "^0.3.4",
>>>>>>> e816b52 (toggle init)
        "tailwindcss": "^3.3.2"
      }
    },
    "@masoni/css-tailwind-preset": {
      "version": "file:../../css/presets/tailwind",
      "requires": {
        "@masoni/css": "file:../..",
        "@masoni/css-design-tokens": "file:../../src/design_tokens"
      }
<<<<<<< HEAD
=======
    },
    "@masoni/css-toggle-button": {
      "version": "file:../../css/src/components/togglebutton",
      "requires": {
        "@masoni/css-design-tokens": "file:../../design_tokens",
        "@masoni/css-postcss-config": "file:../../../config/postcss",
        "postcss-cli": "^10.1.0"
      }
>>>>>>> e816b52 (toggle init)
    }
  }
}
